
Microsoft Visual Studio Solution File, Format Version 12.00
# Visual Studio Version 17
VisualStudioVersion = 17.5.33516.290
MinimumVisualStudioVersion = 10.0.40219.1
Project("{2150E333-8FDC-42A3-9474-1A3956D46DE8}") = "Core", "Core", "{79F96A4E-0676-4FF6-925A-6CF490A81D72}"
EndProject
Project("{9A19103F-16F7-4668-BE54-9A1E7A4F7556}") = "meetmifinal.Application", "Core\meetmifinal.Application\meetmifinal.Application.csproj", "{5A3AF0E5-EE2F-4855-B92B-E328B55FFB2B}"
EndProject
Project("{2150E333-8FDC-42A3-9474-1A3956D46DE8}") = "Infrastructure", "Infrastructure", "{824E44A2-78E9-44C1-A239-87BA8F0BB65B}"
EndProject
Project("{9A19103F-16F7-4668-BE54-9A1E7A4F7556}") = "meetmifinal.Infrustructure", "Infrustructure\meetmifinal.Infrustructure\meetmifinal.Infrustructure.csproj", "{1C1BC630-54D4-4093-B588-9AACA647FC0D}"
EndProject
Project("{9A19103F-16F7-4668-BE54-9A1E7A4F7556}") = "meetmifinal.Persistence", "Infrustructure\meetmifinal.Persistence\meetmifinal.Persistence.csproj", "{2DC4520E-FA5E-4313-9065-CB9252D32BA6}"
EndProject
Project("{2150E333-8FDC-42A3-9474-1A3956D46DE8}") = "Presentation", "Presentation", "{E9474AF6-693C-49FB-8042-28FD9CD95654}"
EndProject
Project("{9A19103F-16F7-4668-BE54-9A1E7A4F7556}") = "meetmifinal.Domain", "Core\meetmifinal.Domain\meetmifinal.Domain.csproj", "{BC737F94-F1BB-4702-9FC6-A2525D649EB8}"
EndProject
Project("{FAE04EC0-301F-11D3-BF4B-00C04F79EFBC}") = "meetmifinal.API", "Presentation\meetmifinal.API\meetmifinal.API.csproj", "{967FD135-7C5D-49F4-8BD1-CFFB76B3A5D9}"
EndProject
Global
	GlobalSection(SolutionConfigurationPlatforms) = preSolution
		Debug|Any CPU = Debug|Any CPU
		Release|Any CPU = Release|Any CPU
	EndGlobalSection
	GlobalSection(ProjectConfigurationPlatforms) = postSolution
		{5A3AF0E5-EE2F-4855-B92B-E328B55FFB2B}.Debug|Any CPU.ActiveCfg = Debug|Any CPU
		{5A3AF0E5-EE2F-4855-B92B-E328B55FFB2B}.Debug|Any CPU.Build.0 = Debug|Any CPU
		{5A3AF0E5-EE2F-4855-B92B-E328B55FFB2B}.Release|Any CPU.ActiveCfg = Release|Any CPU
		{5A3AF0E5-EE2F-4855-B92B-E328B55FFB2B}.Release|Any CPU.Build.0 = Release|Any CPU
		{1C1BC630-54D4-4093-B588-9AACA647FC0D}.Debug|Any CPU.ActiveCfg = Debug|Any CPU
		{1C1BC630-54D4-4093-B588-9AACA647FC0D}.Debug|Any CPU.Build.0 = Debug|Any CPU
		{1C1BC630-54D4-4093-B588-9AACA647FC0D}.Release|Any CPU.ActiveCfg = Release|Any CPU
		{1C1BC630-54D4-4093-B588-9AACA647FC0D}.Release|Any CPU.Build.0 = Release|Any CPU
		{2DC4520E-FA5E-4313-9065-CB9252D32BA6}.Debug|Any CPU.ActiveCfg = Debug|Any CPU
		{2DC4520E-FA5E-4313-9065-CB9252D32BA6}.Debug|Any CPU.Build.0 = Debug|Any CPU
		{2DC4520E-FA5E-4313-9065-CB9252D32BA6}.Release|Any CPU.ActiveCfg = Release|Any CPU
		{2DC4520E-FA5E-4313-9065-CB9252D32BA6}.Release|Any CPU.Build.0 = Release|Any CPU
		{BC737F94-F1BB-4702-9FC6-A2525D649EB8}.Debug|Any CPU.ActiveCfg = Debug|Any CPU
		{BC737F94-F1BB-4702-9FC6-A2525D649EB8}.Debug|Any CPU.Build.0 = Debug|Any CPU
		{BC737F94-F1BB-4702-9FC6-A2525D649EB8}.Release|Any CPU.ActiveCfg = Release|Any CPU
		{BC737F94-F1BB-4702-9FC6-A2525D649EB8}.Release|Any CPU.Build.0 = Release|Any CPU
		{967FD135-7C5D-49F4-8BD1-CFFB76B3A5D9}.Debug|Any CPU.ActiveCfg = Debug|Any CPU
		{967FD135-7C5D-49F4-8BD1-CFFB76B3A5D9}.Debug|Any CPU.Build.0 = Debug|Any CPU
		{967FD135-7C5D-49F4-8BD1-CFFB76B3A5D9}.Release|Any CPU.ActiveCfg = Release|Any CPU
		{967FD135-7C5D-49F4-8BD1-CFFB76B3A5D9}.Release|Any CPU.Build.0 = Release|Any CPU
	EndGlobalSection
	GlobalSection(SolutionProperties) = preSolution
		HideSolutionNode = FALSE
	EndGlobalSection
	GlobalSection(NestedProjects) = preSolution
		{5A3AF0E5-EE2F-4855-B92B-E328B55FFB2B} = {79F96A4E-0676-4FF6-925A-6CF490A81D72}
		{1C1BC630-54D4-4093-B588-9AACA647FC0D} = {824E44A2-78E9-44C1-A239-87BA8F0BB65B}
		{2DC4520E-FA5E-4313-9065-CB9252D32BA6} = {824E44A2-78E9-44C1-A239-87BA8F0BB65B}
		{BC737F94-F1BB-4702-9FC6-A2525D649EB8} = {79F96A4E-0676-4FF6-925A-6CF490A81D72}
		{967FD135-7C5D-49F4-8BD1-CFFB76B3A5D9} = {E9474AF6-693C-49FB-8042-28FD9CD95654}
	EndGlobalSection
	GlobalSection(ExtensibilityGlobals) = postSolution
		SolutionGuid = {85E0D057-6CB3-4E0F-AAA1-C215461A304A}
	EndGlobalSection
EndGlobal
